// !$*UTF8*$!
{
	archiveVersion = 1;
	classes = {
	};
	objectVersion = 54;
	objects = {

/* Begin PBXBuildFile section */
		2B15D4991719ABB9953E55B2 /* Foundation.framework in Frameworks */ = {isa = PBXBuildFile; fileRef = D31E4A766212D77A2FB4F847 /* Foundation.framework */; };
		58998283732AA04F9F294D05 /* Services.swift in Sources */ = {isa = PBXBuildFile; fileRef = 3ADC9FF4D4DA8F2FE711BE69 /* Services.swift */; };
		66B8E777942BA8526DD0AD7B /* Views.swift in Sources */ = {isa = PBXBuildFile; fileRef = 2A0A5624615FFEDF72CB99DD /* Views.swift */; };
		7A4280A2E1AF2C4A1143C23E /* UIComponents.swift in Sources */ = {isa = PBXBuildFile; fileRef = 3C3CB2211CAFC00711DA47DA /* UIComponents.swift */; };
		8C0A88BD6AC6B923CCBC2550 /* BancaRemotaApp.swift in Sources */ = {isa = PBXBuildFile; fileRef = 4090441A6068D85D8014B47B /* BancaRemotaApp.swift */; };
		A0E333CCA83D12434E70DC79 /* Models.swift in Sources */ = {isa = PBXBuildFile; fileRef = D8288E7EAF3D378E1A54FD8F /* Models.swift */; };
		DCB896D0459C2B9459EE361B /* codes.json in Resources */ = {isa = PBXBuildFile; fileRef = 9D93F0E9484A25EC4DD2CD66 /* codes.json */; };
		E938FE5B48B9C482DCCBFEB1 /* Banca_Remota.xcassets in Resources */ = {isa = PBXBuildFile; fileRef = 8F0E8B9210A67B23516CAF2B /* Banca_Remota.xcassets */; };
/* End PBXBuildFile section */

/* Begin PBXFileReference section */
		2A0A5624615FFEDF72CB99DD /* Views.swift */ = {isa = PBXFileReference; includeInIndex = 1; lastKnownFileType = sourcecode.swift; path = Views.swift; sourceTree = "<group>"; };
		3ADC9FF4D4DA8F2FE711BE69 /* Services.swift */ = {isa = PBXFileReference; includeInIndex = 1; lastKnownFileType = sourcecode.swift; path = Services.swift; sourceTree = "<group>"; };
		3C3CB2211CAFC00711DA47DA /* UIComponents.swift */ = {isa = PBXFileReference; includeInIndex = 1; lastKnownFileType = sourcecode.swift; path = UIComponents.swift; sourceTree = "<group>"; };
		4090441A6068D85D8014B47B /* BancaRemotaApp.swift */ = {isa = PBXFileReference; includeInIndex = 1; lastKnownFileType = sourcecode.swift; path = BancaRemotaApp.swift; sourceTree = "<group>"; };
		8F0E8B9210A67B23516CAF2B /* Banca_Remota.xcassets */ = {isa = PBXFileReference; includeInIndex = 1; lastKnownFileType = folder.assetcatalog; path = Banca_Remota.xcassets; sourceTree = "<group>"; };
		9D93F0E9484A25EC4DD2CD66 /* codes.json */ = {isa = PBXFileReference; includeInIndex = 1; lastKnownFileType = text.json; path = codes.json; sourceTree = "<group>"; };
		D31E4A766212D77A2FB4F847 /* Foundation.framework */ = {isa = PBXFileReference; lastKnownFileType = wrapper.framework; name = Foundation.framework; path = Platforms/iPhoneOS.platform/Developer/SDKs/iPhoneOS18.0.sdk/System/Library/Frameworks/Foundation.framework; sourceTree = DEVELOPER_DIR; };
		D5A535BF9225C8F2840D0C42 /* Banca_Remota.app */ = {isa = PBXFileReference; explicitFileType = wrapper.application; includeInIndex = 0; path = Banca_Remota.app; sourceTree = BUILT_PRODUCTS_DIR; };
		D8288E7EAF3D378E1A54FD8F /* Models.swift */ = {isa = PBXFileReference; includeInIndex = 1; lastKnownFileType = sourcecode.swift; path = Models.swift; sourceTree = "<group>"; };
/* End PBXFileReference section */

/* Begin PBXFrameworksBuildPhase section */
		DC5595036E2EF5B6A5CB21C8 /* Frameworks */ = {
			isa = PBXFrameworksBuildPhase;
			buildActionMask = 2147483647;
			files = (
				2B15D4991719ABB9953E55B2 /* Foundation.framework in Frameworks */,
			);
			runOnlyForDeploymentPostprocessing = 0;
		};
/* End PBXFrameworksBuildPhase section */

/* Begin PBXGroup section */
		01F6F52709BCC6C94F574512 /* Frameworks */ = {
			isa = PBXGroup;
			children = (
				E991862784BA8656B95CBEBF /* iOS */,
			);
			name = Frameworks;
			sourceTree = "<group>";
		};
		533A0B61A9DCBE6FAEF9A883 /* Products */ = {
			isa = PBXGroup;
			children = (
				D5A535BF9225C8F2840D0C42 /* Banca_Remota.app */,
			);
			name = Products;
			sourceTree = "<group>";
		};
		7DF1B863905D9669D1C5B10B /* BancaRemota */ = {
			isa = PBXGroup;
			children = (
				4090441A6068D85D8014B47B /* BancaRemotaApp.swift */,
				D8288E7EAF3D378E1A54FD8F /* Models.swift */,
				3ADC9FF4D4DA8F2FE711BE69 /* Services.swift */,
				3C3CB2211CAFC00711DA47DA /* UIComponents.swift */,
				2A0A5624615FFEDF72CB99DD /* Views.swift */,
				9D93F0E9484A25EC4DD2CD66 /* codes.json */,
			);
			path = BancaRemota;
			sourceTree = "<group>";
		};
		C8CAAB1E808171E47D42A180 = {
			isa = PBXGroup;
			children = (
				533A0B61A9DCBE6FAEF9A883 /* Products */,
				01F6F52709BCC6C94F574512 /* Frameworks */,
				7DF1B863905D9669D1C5B10B /* BancaRemota */,
				8F0E8B9210A67B23516CAF2B /* Banca_Remota.xcassets */,
			);
			sourceTree = "<group>";
		};
		E991862784BA8656B95CBEBF /* iOS */ = {
			isa = PBXGroup;
			children = (
				D31E4A766212D77A2FB4F847 /* Foundation.framework */,
			);
			name = iOS;
			sourceTree = "<group>";
		};
/* End PBXGroup section */

/* Begin PBXNativeTarget section */
		DBB06169ED39C3CFD7CB3807 /* Banca_Remota */ = {
			isa = PBXNativeTarget;
			buildConfigurationList = 2D17CD788742A647AF07A11E /* Build configuration list for PBXNativeTarget "Banca_Remota" */;
			buildPhases = (
				6B4314A6CE1FD9EA5EE0058E /* Sources */,
				DC5595036E2EF5B6A5CB21C8 /* Frameworks */,
				6ADD93668438CA34A9BCF1E3 /* Resources */,
			);
			buildRules = (
			);
			dependencies = (
			);
			name = Banca_Remota;
			productName = Banca_Remota;
			productReference = D5A535BF9225C8F2840D0C42 /* Banca_Remota.app */;
			productType = "com.apple.product-type.application";
		};
/* End PBXNativeTarget section */

/* Begin PBXProject section */
		C9BCD2A58B49326F1DDA7778 /* Project object */ = {
			isa = PBXProject;
			attributes = {
				BuildIndependentTargetsInParallel = YES;
				LastSwiftUpdateCheck = 1600;
				LastUpgradeCheck = 2630;
			};
			buildConfigurationList = D1C0B7CD934D628EE944B2B9 /* Build configuration list for PBXProject "Banca_Remota" */;
			compatibilityVersion = "Xcode 3.2";
			developmentRegion = en;
			hasScannedForEncodings = 0;
			knownRegions = (
				en,
				Base,
			);
			mainGroup = C8CAAB1E808171E47D42A180;
			productRefGroup = 533A0B61A9DCBE6FAEF9A883 /* Products */;
			projectDirPath = "";
			projectRoot = "";
			targets = (
				DBB06169ED39C3CFD7CB3807 /* Banca_Remota */,
			);
		};
/* End PBXProject section */

/* Begin PBXResourcesBuildPhase section */
		6ADD93668438CA34A9BCF1E3 /* Resources */ = {
			isa = PBXResourcesBuildPhase;
			buildActionMask = 2147483647;
			files = (
				DCB896D0459C2B9459EE361B /* codes.json in Resources */,
				E938FE5B48B9C482DCCBFEB1 /* Banca_Remota.xcassets in Resources */,
			);
			runOnlyForDeploymentPostprocessing = 0;
		};
/* End PBXResourcesBuildPhase section */

/* Begin PBXSourcesBuildPhase section */
		6B4314A6CE1FD9EA5EE0058E /* Sources */ = {
			isa = PBXSourcesBuildPhase;
			buildActionMask = 2147483647;
			files = (
				8C0A88BD6AC6B923CCBC2550 /* BancaRemotaApp.swift in Sources */,
				A0E333CCA83D12434E70DC79 /* Models.swift in Sources */,
				58998283732AA04F9F294D05 /* Services.swift in Sources */,
				7A4280A2E1AF2C4A1143C23E /* UIComponents.swift in Sources */,
				66B8E777942BA8526DD0AD7B /* Views.swift in Sources */,
			);
			runOnlyForDeploymentPostprocessing = 0;
		};
/* End PBXSourcesBuildPhase section */

/* Begin XCBuildConfiguration section */
		011FD16A639E0FC06D7E012C /* Debug */ = {
			isa = XCBuildConfiguration;
			buildSettings = {
				ALWAYS_SEARCH_USER_PATHS = NO;
				ASSETCATALOG_COMPILER_GENERATE_SWIFT_ASSET_SYMBOL_EXTENSIONS = YES;
				CLANG_ANALYZER_NONNULL = YES;
				CLANG_ANALYZER_NUMBER_OBJECT_CONVERSION = YES_AGGRESSIVE;
				CLANG_CXX_LANGUAGE_STANDARD = "gnu++14";
				CLANG_CXX_LIBRARY = "libc++";
				CLANG_ENABLE_MODULES = YES;
				CLANG_ENABLE_OBJC_ARC = YES;
				CLANG_ENABLE_OBJC_WEAK = YES;
				CLANG_WARN_BLOCK_CAPTURE_AUTORELEASING = YES;
				CLANG_WARN_BOOL_CONVERSION = YES;
				CLANG_WARN_COMMA = YES;
				CLANG_WARN_CONSTANT_CONVERSION = YES;
				CLANG_WARN_DEPRECATED_OBJC_IMPLEMENTATIONS = YES;
				CLANG_WARN_DIRECT_OBJC_ISA_USAGE = YES_ERROR;
				CLANG_WARN_DOCUMENTATION_COMMENTS = YES;
				CLANG_WARN_EMPTY_BODY = YES;
				CLANG_WARN_ENUM_CONVERSION = YES;
				CLANG_WARN_INFINITE_RECURSION = YES;
				CLANG_WARN_INT_CONVERSION = YES;
				CLANG_WARN_NON_LITERAL_NULL_CONVERSION = YES;
				CLANG_WARN_OBJC_IMPLICIT_RETAIN_SELF = YES;
				CLANG_WARN_OBJC_LITERAL_CONVERSION = YES;
				CLANG_WARN_OBJC_ROOT_CLASS = YES_ERROR;
				CLANG_WARN_QUOTED_INCLUDE_IN_FRAMEWORK_HEADER = YES;
				CLANG_WARN_RANGE_LOOP_ANALYSIS = YES;
				CLANG_WARN_STRICT_PROTOTYPES = YES;
				CLANG_WARN_SUSPICIOUS_MOVE = YES;
				CLANG_WARN_UNGUARDED_AVAILABILITY = YES_AGGRESSIVE;
				CLANG_WARN_UNREACHABLE_CODE = YES;
				CLANG_WARN__DUPLICATE_METHOD_MATCH = YES;
				COPY_PHASE_STRIP = NO;
				DEAD_CODE_STRIPPING = YES;
				DEBUG_INFORMATION_FORMAT = dwarf;
				DEVELOPMENT_TEAM = 7W3D3JL6PV;
				ENABLE_STRICT_OBJC_MSGSEND = YES;
				ENABLE_TESTABILITY = YES;
				ENABLE_USER_SCRIPT_SANDBOXING = YES;
				GCC_C_LANGUAGE_STANDARD = gnu11;
				GCC_DYNAMIC_NO_PIC = NO;
				GCC_NO_COMMON_BLOCKS = YES;
				GCC_OPTIMIZATION_LEVEL = 0;
				GCC_PREPROCESSOR_DEFINITIONS = (
					"DEBUG=1",
					"$(inherited)",
				);
				GCC_WARN_64_TO_32_BIT_CONVERSION = YES;
				GCC_WARN_ABOUT_RETURN_TYPE = YES_ERROR;
				GCC_WARN_UNDECLARED_SELECTOR = YES;
				GCC_WARN_UNINITIALIZED_AUTOS = YES_AGGRESSIVE;
				GCC_WARN_UNUSED_FUNCTION = YES;
				GCC_WARN_UNUSED_VARIABLE = YES;
				MTL_ENABLE_DEBUG_INFO = INCLUDE_SOURCE;
				MTL_FAST_MATH = YES;
				ONLY_ACTIVE_ARCH = YES;
				PRODUCT_NAME = "$(TARGET_NAME)";
				STRING_CATALOG_GENERATE_SYMBOLS = YES;
				SWIFT_ACTIVE_COMPILATION_CONDITIONS = DEBUG;
				SWIFT_OPTIMIZATION_LEVEL = "-Onone";
				SWIFT_VERSION = 5.0;
			};
			name = Debug;
		};
		29486D6331745E7372E5D410 /* Release */ = {
			isa = XCBuildConfiguration;
			buildSettings = {
				ALWAYS_SEARCH_USER_PATHS = NO;
				ASSETCATALOG_COMPILER_GENERATE_SWIFT_ASSET_SYMBOL_EXTENSIONS = YES;
				CLANG_ANALYZER_NONNULL = YES;
				CLANG_ANALYZER_NUMBER_OBJECT_CONVERSION = YES_AGGRESSIVE;
				CLANG_CXX_LANGUAGE_STANDARD = "gnu++14";
				CLANG_CXX_LIBRARY = "libc++";
				CLANG_ENABLE_MODULES = YES;
				CLANG_ENABLE_OBJC_ARC = YES;
				CLANG_ENABLE_OBJC_WEAK = YES;
				CLANG_WARN_BLOCK_CAPTURE_AUTORELEASING = YES;
				CLANG_WARN_BOOL_CONVERSION = YES;
				CLANG_WARN_COMMA = YES;
				CLANG_WARN_CONSTANT_CONVERSION = YES;
				CLANG_WARN_DEPRECATED_OBJC_IMPLEMENTATIONS = YES;
				CLANG_WARN_DIRECT_OBJC_ISA_USAGE = YES_ERROR;
				CLANG_WARN_DOCUMENTATION_COMMENTS = YES;
				CLANG_WARN_EMPTY_BODY = YES;
				CLANG_WARN_ENUM_CONVERSION = YES;
				CLANG_WARN_INFINITE_RECURSION = YES;
				CLANG_WARN_INT_CONVERSION = YES;
				CLANG_WARN_NON_LITERAL_NULL_CONVERSION = YES;
				CLANG_WARN_OBJC_IMPLICIT_RETAIN_SELF = YES;
				CLANG_WARN_OBJC_LITERAL_CONVERSION = YES;
				CLANG_WARN_OBJC_ROOT_CLASS = YES_ERROR;
				CLANG_WARN_QUOTED_INCLUDE_IN_FRAMEWORK_HEADER = YES;
				CLANG_WARN_RANGE_LOOP_ANALYSIS = YES;
				CLANG_WARN_STRICT_PROTOTYPES = YES;
				CLANG_WARN_SUSPICIOUS_MOVE = YES;
				CLANG_WARN_UNGUARDED_AVAILABILITY = YES_AGGRESSIVE;
				CLANG_WARN_UNREACHABLE_CODE = YES;
				CLANG_WARN__DUPLICATE_METHOD_MATCH = YES;
				COPY_PHASE_STRIP = NO;
				DEAD_CODE_STRIPPING = YES;
				DEBUG_INFORMATION_FORMAT = "dwarf-with-dsym";
				DEVELOPMENT_TEAM = 7W3D3JL6PV;
				ENABLE_NS_ASSERTIONS = NO;
				ENABLE_STRICT_OBJC_MSGSEND = YES;
				ENABLE_USER_SCRIPT_SANDBOXING = YES;
				GCC_C_LANGUAGE_STANDARD = gnu11;
				GCC_NO_COMMON_BLOCKS = YES;
				GCC_WARN_64_TO_32_BIT_CONVERSION = YES;
				GCC_WARN_ABOUT_RETURN_TYPE = YES_ERROR;
				GCC_WARN_UNDECLARED_SELECTOR = YES;
				GCC_WARN_UNINITIALIZED_AUTOS = YES_AGGRESSIVE;
				GCC_WARN_UNUSED_FUNCTION = YES;
				GCC_WARN_UNUSED_VARIABLE = YES;
				MTL_ENABLE_DEBUG_INFO = NO;
				MTL_FAST_MATH = YES;
				PRODUCT_NAME = "$(TARGET_NAME)";
				STRING_CATALOG_GENERATE_SYMBOLS = YES;
				SWIFT_COMPILATION_MODE = wholemodule;
				SWIFT_OPTIMIZATION_LEVEL = "-O";
				SWIFT_VERSION = 5.0;
			};
			name = Release;
		};
		EC276851CA138413FCB48A5D /* Release */ = {
			isa = XCBuildConfiguration;
			buildSettings = {
				ASSETCATALOG_COMPILER_APPICON_NAME = AppIcon;
				ASSETCATALOG_COMPILER_GLOBAL_ACCENT_COLOR_NAME = AccentColor;
				CLANG_ENABLE_OBJC_WEAK = NO;
				CURRENT_PROJECT_VERSION = 1;
				INFOPLIST_KEY_UIApplicationSceneManifest_Generation = YES;
				INFOPLIST_KEY_UIApplicationSupportsIndirectInputEvents = YES;
				INFOPLIST_KEY_UILaunchScreen_Generation = YES;
				INFOPLIST_KEY_UISupportedInterfaceOrientations_iPad = "UIInterfaceOrientationPortrait UIInterfaceOrientationPortraitUpsideDown UIInterfaceOrientationLandscapeLeft UIInterfaceOrientationLandscapeRight";
				INFOPLIST_KEY_UISupportedInterfaceOrientations_iPhone = "UIInterfaceOrientationPortrait UIInterfaceOrientationLandscapeLeft UIInterfaceOrientationLandscapeRight";
				IPHONEOS_DEPLOYMENT_TARGET = 16.0;
				LD_RUNPATH_SEARCH_PATHS = (
					"$(inherited)",
					"@executable_path/Frameworks",
				);
				MARKETING_VERSION = 1.0;
				PRODUCT_BUNDLE_IDENTIFIER = com.bancaremota.app;
				PRODUCT_NAME = Banca_Remota;
				GENERATE_INFOPLIST_FILE = YES;
				SDKROOT = iphoneos;
				SWIFT_VERSION = 5.0;
				TARGETED_DEVICE_FAMILY = "1,2";
				VALIDATE_PRODUCT = YES;
			};
			name = Release;
		};
		F07AB5A14B7C3FAA31670DC6 /* Debug */ = {
			isa = XCBuildConfiguration;
			buildSettings = {
				ASSETCATALOG_COMPILER_APPICON_NAME = AppIcon;
				ASSETCATALOG_COMPILER_GLOBAL_ACCENT_COLOR_NAME = AccentColor;
				CLANG_ENABLE_OBJC_WEAK = NO;
				CURRENT_PROJECT_VERSION = 1;
				INFOPLIST_KEY_UIApplicationSceneManifest_Generation = YES;
				INFOPLIST_KEY_UIApplicationSupportsIndirectInputEvents = YES;
				INFOPLIST_KEY_UILaunchScreen_Generation = YES;
				INFOPLIST_KEY_UISupportedInterfaceOrientations_iPad = "UIInterfaceOrientationPortrait UIInterfaceOrientationPortraitUpsideDown UIInterfaceOrientationLandscapeLeft UIInterfaceOrientationLandscapeRight";
				INFOPLIST_KEY_UISupportedInterfaceOrientations_iPhone = "UIInterfaceOrientationPortrait UIInterfaceOrientationLandscapeLeft UIInterfaceOrientationLandscapeRight";
				IPHONEOS_DEPLOYMENT_TARGET = 16.0;
				LD_RUNPATH_SEARCH_PATHS = (
					"$(inherited)",
					"@executable_path/Frameworks",
				);
				MARKETING_VERSION = 1.0;
				PRODUCT_BUNDLE_IDENTIFIER = com.bancaremota.app;
				PRODUCT_NAME = Banca_Remota;
				GENERATE_INFOPLIST_FILE = YES;
				SDKROOT = iphoneos;
				SWIFT_VERSION = 5.0;
				TARGETED_DEVICE_FAMILY = "1,2";
			};
			name = Debug;
		};
/* End XCBuildConfiguration section */

/* Begin XCConfigurationList section */
		2D17CD788742A647AF07A11E /* Build configuration list for PBXNativeTarget "Banca_Remota" */ = {
			isa = XCConfigurationList;
			buildConfigurations = (
				EC276851CA138413FCB48A5D /* Release */,
				F07AB5A14B7C3FAA31670DC6 /* Debug */,
			);
			defaultConfigurationIsVisible = 0;
			defaultConfigurationName = Release;
		};
		D1C0B7CD934D628EE944B2B9 /* Build configuration list for PBXProject "Banca_Remota" */ = {
			isa = XCConfigurationList;
			buildConfigurations = (
				011FD16A639E0FC06D7E012C /* Debug */,
				29486D6331745E7372E5D410 /* Release */,
			);
			defaultConfigurationIsVisible = 0;
			defaultConfigurationName = Release;
		};
/* End XCConfigurationList section */
	};
	rootObject = C9BCD2A58B49326F1DDA7778 /* Project object */;
}
